
Microsoft Visual Studio Solution File, Format Version 12.00
# Visual Studio Version 17
VisualStudioVersion = 17.13.35931.197 d17.13
MinimumVisualStudioVersion = 10.0.40219.1
Project("{FAE04EC0-301F-11D3-BF4B-00C04F79EFBC}") = "EventEase", "EventEase.csproj", "{B4A27FB6-34B9-4754-AFF6-3DBC5A9B05FC}"
EndProject
Global
	GlobalSection(SolutionConfigurationPlatforms) = preSolution
		Debug|Any CPU = Debug|Any CPU
		Release|Any CPU = Release|Any CPU
	EndGlobalSection
	GlobalSection(ProjectConfigurationPlatforms) = postSolution
		{B4A27FB6-34B9-4754-AFF6-3DBC5A9B05FC}.Debug|Any CPU.ActiveCfg = Debug|Any CPU
		{B4A27FB6-34B9-4754-AFF6-3DBC5A9B05FC}.Debug|Any CPU.Build.0 = Debug|Any CPU
		{B4A27FB6-34B9-4754-AFF6-3DBC5A9B05FC}.Release|Any CPU.ActiveCfg = Release|Any CPU
		{B4A27FB6-34B9-4754-AFF6-3DBC5A9B05FC}.Release|Any CPU.Build.0 = Release|Any CPU
	EndGlobalSection
	GlobalSection(SolutionProperties) = preSolution
		HideSolutionNode = FALSE
	EndGlobalSection
	GlobalSection(ExtensibilityGlobals) = postSolution
		SolutionGuid = {6333DC72-A214-425C-B250-81CFAB463721}
	EndGlobalSection
EndGlobal
